
Microsoft Visual Studio Solution File, Format Version 12.00
# Visual Studio Version 17
VisualStudioVersion = 17.2.32616.157
MinimumVisualStudioVersion = 10.0.40219.1
Project("{9A19103F-16F7-4668-BE54-9A1E7A4F7556}") = "Application", "Application\Application.csproj", "{7BC2520D-2893-484D-B7F2-7B430B92A2CB}"
EndProject
Project("{9A19103F-16F7-4668-BE54-9A1E7A4F7556}") = "Domain", "Domain\Domain.csproj", "{841832CE-022F-4BEA-9B59-B06B508B2263}"
EndProject
Project("{9A19103F-16F7-4668-BE54-9A1E7A4F7556}") = "Infrastructure", "Infrastructure\Infrastructure.csproj", "{14E4EE50-3AA4-42D1-95C1-0D15029452C4}"
EndProject
Project("{9A19103F-16F7-4668-BE54-9A1E7A4F7556}") = "Persistence", "Persistence\Persistence.csproj", "{49049A35-B876-41B5-82C7-2CE69ABE4CB2}"
EndProject
Project("{FAE04EC0-301F-11D3-BF4B-00C04F79EFBC}") = "Api", "Api\Api.csproj", "{99B7DA68-0CE2-41BD-B3B8-B99C4210068E}"
EndProject
Global
	GlobalSection(SolutionConfigurationPlatforms) = preSolution
		Debug|Any CPU = Debug|Any CPU
		Release|Any CPU = Release|Any CPU
	EndGlobalSection
	GlobalSection(ProjectConfigurationPlatforms) = postSolution
		{7BC2520D-2893-484D-B7F2-7B430B92A2CB}.Debug|Any CPU.ActiveCfg = Debug|Any CPU
		{7BC2520D-2893-484D-B7F2-7B430B92A2CB}.Debug|Any CPU.Build.0 = Debug|Any CPU
		{7BC2520D-2893-484D-B7F2-7B430B92A2CB}.Release|Any CPU.ActiveCfg = Release|Any CPU
		{7BC2520D-2893-484D-B7F2-7B430B92A2CB}.Release|Any CPU.Build.0 = Release|Any CPU
		{841832CE-022F-4BEA-9B59-B06B508B2263}.Debug|Any CPU.ActiveCfg = Debug|Any CPU
		{841832CE-022F-4BEA-9B59-B06B508B2263}.Debug|Any CPU.Build.0 = Debug|Any CPU
		{841832CE-022F-4BEA-9B59-B06B508B2263}.Release|Any CPU.ActiveCfg = Release|Any CPU
		{841832CE-022F-4BEA-9B59-B06B508B2263}.Release|Any CPU.Build.0 = Release|Any CPU
		{14E4EE50-3AA4-42D1-95C1-0D15029452C4}.Debug|Any CPU.ActiveCfg = Debug|Any CPU
		{14E4EE50-3AA4-42D1-95C1-0D15029452C4}.Debug|Any CPU.Build.0 = Debug|Any CPU
		{14E4EE50-3AA4-42D1-95C1-0D15029452C4}.Release|Any CPU.ActiveCfg = Release|Any CPU
		{14E4EE50-3AA4-42D1-95C1-0D15029452C4}.Release|Any CPU.Build.0 = Release|Any CPU
		{49049A35-B876-41B5-82C7-2CE69ABE4CB2}.Debug|Any CPU.ActiveCfg = Debug|Any CPU
		{49049A35-B876-41B5-82C7-2CE69ABE4CB2}.Debug|Any CPU.Build.0 = Debug|Any CPU
		{49049A35-B876-41B5-82C7-2CE69ABE4CB2}.Release|Any CPU.ActiveCfg = Release|Any CPU
		{49049A35-B876-41B5-82C7-2CE69ABE4CB2}.Release|Any CPU.Build.0 = Release|Any CPU
		{99B7DA68-0CE2-41BD-B3B8-B99C4210068E}.Debug|Any CPU.ActiveCfg = Debug|Any CPU
		{99B7DA68-0CE2-41BD-B3B8-B99C4210068E}.Debug|Any CPU.Build.0 = Debug|Any CPU
		{99B7DA68-0CE2-41BD-B3B8-B99C4210068E}.Release|Any CPU.ActiveCfg = Release|Any CPU
		{99B7DA68-0CE2-41BD-B3B8-B99C4210068E}.Release|Any CPU.Build.0 = Release|Any CPU
	EndGlobalSection
	GlobalSection(SolutionProperties) = preSolution
		HideSolutionNode = FALSE
	EndGlobalSection
	GlobalSection(ExtensibilityGlobals) = postSolution
		SolutionGuid = {44D9474A-7009-477B-81EF-4DBD98E94558}
	EndGlobalSection
EndGlobal
